
Microsoft Visual Studio Solution File, Format Version 12.00
# Visual Studio Version 17
VisualStudioVersion = 17.7.34302.85
MinimumVisualStudioVersion = 10.0.40219.1
Project("{9A19103F-16F7-4668-BE54-9A1E7A4F7556}") = "ColorPop.App", "ColorPop.App\ColorPop.App.csproj", "{7F24C698-95D0-41A6-8E2D-9DDFA9517740}"
EndProject
Project("{9A19103F-16F7-4668-BE54-9A1E7A4F7556}") = "ColorPop.Common", "ColorPop.Common\ColorPop.Common.csproj", "{D466436A-7AE6-4736-82ED-EA1A5DC1B028}"
EndProject
Project("{8BC9CEB8-8B4A-11D0-8D11-00A0C91BC942}") = "ColorPopAsm", "ColorPopAsm\ColorPopAsm.vcxproj", "{4FD9E9B4-35CC-4F71-927C-40BC3DEF4617}"
EndProject
Project("{2150E333-8FDC-42A3-9474-1A3956D46DE8}") = "Processors", "Processors", "{47C898EB-6D99-4297-947A-BADF5942E5E4}"
EndProject
Project("{9A19103F-16F7-4668-BE54-9A1E7A4F7556}") = "ColorPop.AsmProcessor", "Processors\ColorPop.AsmProcessor\ColorPop.AsmProcessor.csproj", "{7EF945B6-BA18-4BF3-A997-A2C3E4BDAD62}"
	ProjectSection(ProjectDependencies) = postProject
		{4FD9E9B4-35CC-4F71-927C-40BC3DEF4617} = {4FD9E9B4-35CC-4F71-927C-40BC3DEF4617}
	EndProjectSection
EndProject
Project("{9A19103F-16F7-4668-BE54-9A1E7A4F7556}") = "ColorPop.Processor", "Processors\ColorPop.Processor\ColorPop.Processor.csproj", "{2F21EEB0-B650-4994-9810-164F662431EC}"
EndProject
Global
	GlobalSection(SolutionConfigurationPlatforms) = preSolution
		Debug|Any CPU = Debug|Any CPU
		Debug|x64 = Debug|x64
		Debug|x86 = Debug|x86
		Release|Any CPU = Release|Any CPU
		Release|x64 = Release|x64
		Release|x86 = Release|x86
	EndGlobalSection
	GlobalSection(ProjectConfigurationPlatforms) = postSolution
		{7F24C698-95D0-41A6-8E2D-9DDFA9517740}.Debug|Any CPU.ActiveCfg = Debug|Any CPU
		{7F24C698-95D0-41A6-8E2D-9DDFA9517740}.Debug|Any CPU.Build.0 = Debug|Any CPU
		{7F24C698-95D0-41A6-8E2D-9DDFA9517740}.Debug|x64.ActiveCfg = Debug|x64
		{7F24C698-95D0-41A6-8E2D-9DDFA9517740}.Debug|x64.Build.0 = Debug|x64
		{7F24C698-95D0-41A6-8E2D-9DDFA9517740}.Debug|x86.ActiveCfg = Debug|x86
		{7F24C698-95D0-41A6-8E2D-9DDFA9517740}.Debug|x86.Build.0 = Debug|x86
		{7F24C698-95D0-41A6-8E2D-9DDFA9517740}.Release|Any CPU.ActiveCfg = Release|Any CPU
		{7F24C698-95D0-41A6-8E2D-9DDFA9517740}.Release|Any CPU.Build.0 = Release|Any CPU
		{7F24C698-95D0-41A6-8E2D-9DDFA9517740}.Release|x64.ActiveCfg = Release|x64
		{7F24C698-95D0-41A6-8E2D-9DDFA9517740}.Release|x64.Build.0 = Release|x64
		{7F24C698-95D0-41A6-8E2D-9DDFA9517740}.Release|x86.ActiveCfg = Release|x86
		{7F24C698-95D0-41A6-8E2D-9DDFA9517740}.Release|x86.Build.0 = Release|x86
		{D466436A-7AE6-4736-82ED-EA1A5DC1B028}.Debug|Any CPU.ActiveCfg = Debug|Any CPU
		{D466436A-7AE6-4736-82ED-EA1A5DC1B028}.Debug|Any CPU.Build.0 = Debug|Any CPU
		{D466436A-7AE6-4736-82ED-EA1A5DC1B028}.Debug|x64.ActiveCfg = Debug|x64
		{D466436A-7AE6-4736-82ED-EA1A5DC1B028}.Debug|x64.Build.0 = Debug|x64
		{D466436A-7AE6-4736-82ED-EA1A5DC1B028}.Debug|x86.ActiveCfg = Debug|x86
		{D466436A-7AE6-4736-82ED-EA1A5DC1B028}.Debug|x86.Build.0 = Debug|x86
		{D466436A-7AE6-4736-82ED-EA1A5DC1B028}.Release|Any CPU.ActiveCfg = Release|Any CPU
		{D466436A-7AE6-4736-82ED-EA1A5DC1B028}.Release|Any CPU.Build.0 = Release|Any CPU
		{D466436A-7AE6-4736-82ED-EA1A5DC1B028}.Release|x64.ActiveCfg = Release|x64
		{D466436A-7AE6-4736-82ED-EA1A5DC1B028}.Release|x64.Build.0 = Release|x64
		{D466436A-7AE6-4736-82ED-EA1A5DC1B028}.Release|x86.ActiveCfg = Release|x86
		{D466436A-7AE6-4736-82ED-EA1A5DC1B028}.Release|x86.Build.0 = Release|x86
		{4FD9E9B4-35CC-4F71-927C-40BC3DEF4617}.Debug|Any CPU.ActiveCfg = Debug|x64
		{4FD9E9B4-35CC-4F71-927C-40BC3DEF4617}.Debug|Any CPU.Build.0 = Debug|x64
		{4FD9E9B4-35CC-4F71-927C-40BC3DEF4617}.Debug|x64.ActiveCfg = Debug|x64
		{4FD9E9B4-35CC-4F71-927C-40BC3DEF4617}.Debug|x64.Build.0 = Debug|x64
		{4FD9E9B4-35CC-4F71-927C-40BC3DEF4617}.Debug|x86.ActiveCfg = Debug|Win32
		{4FD9E9B4-35CC-4F71-927C-40BC3DEF4617}.Debug|x86.Build.0 = Debug|Win32
		{4FD9E9B4-35CC-4F71-927C-40BC3DEF4617}.Release|Any CPU.ActiveCfg = Release|x64
		{4FD9E9B4-35CC-4F71-927C-40BC3DEF4617}.Release|Any CPU.Build.0 = Release|x64
		{4FD9E9B4-35CC-4F71-927C-40BC3DEF4617}.Release|x64.ActiveCfg = Release|x64
		{4FD9E9B4-35CC-4F71-927C-40BC3DEF4617}.Release|x64.Build.0 = Release|x64
		{4FD9E9B4-35CC-4F71-927C-40BC3DEF4617}.Release|x86.ActiveCfg = Release|Win32
		{4FD9E9B4-35CC-4F71-927C-40BC3DEF4617}.Release|x86.Build.0 = Release|Win32
		{7EF945B6-BA18-4BF3-A997-A2C3E4BDAD62}.Debug|Any CPU.ActiveCfg = Debug|Any CPU
		{7EF945B6-BA18-4BF3-A997-A2C3E4BDAD62}.Debug|Any CPU.Build.0 = Debug|Any CPU
		{7EF945B6-BA18-4BF3-A997-A2C3E4BDAD62}.Debug|x64.ActiveCfg = Debug|x64
		{7EF945B6-BA18-4BF3-A997-A2C3E4BDAD62}.Debug|x64.Build.0 = Debug|x64
		{7EF945B6-BA18-4BF3-A997-A2C3E4BDAD62}.Debug|x86.ActiveCfg = Debug|x86
		{7EF945B6-BA18-4BF3-A997-A2C3E4BDAD62}.Debug|x86.Build.0 = Debug|x86
		{7EF945B6-BA18-4BF3-A997-A2C3E4BDAD62}.Release|Any CPU.ActiveCfg = Release|Any CPU
		{7EF945B6-BA18-4BF3-A997-A2C3E4BDAD62}.Release|Any CPU.Build.0 = Release|Any CPU
		{7EF945B6-BA18-4BF3-A997-A2C3E4BDAD62}.Release|x64.ActiveCfg = Release|x64
		{7EF945B6-BA18-4BF3-A997-A2C3E4BDAD62}.Release|x64.Build.0 = Release|x64
		{7EF945B6-BA18-4BF3-A997-A2C3E4BDAD62}.Release|x86.ActiveCfg = Release|x86
		{7EF945B6-BA18-4BF3-A997-A2C3E4BDAD62}.Release|x86.Build.0 = Release|x86
		{2F21EEB0-B650-4994-9810-164F662431EC}.Debug|Any CPU.ActiveCfg = Debug|Any CPU
		{2F21EEB0-B650-4994-9810-164F662431EC}.Debug|Any CPU.Build.0 = Debug|Any CPU
		{2F21EEB0-B650-4994-9810-164F662431EC}.Debug|x64.ActiveCfg = Debug|x64
		{2F21EEB0-B650-4994-9810-164F662431EC}.Debug|x64.Build.0 = Debug|x64
		{2F21EEB0-B650-4994-9810-164F662431EC}.Debug|x86.ActiveCfg = Debug|x86
		{2F21EEB0-B650-4994-9810-164F662431EC}.Debug|x86.Build.0 = Debug|x86
		{2F21EEB0-B650-4994-9810-164F662431EC}.Release|Any CPU.ActiveCfg = Release|Any CPU
		{2F21EEB0-B650-4994-9810-164F662431EC}.Release|Any CPU.Build.0 = Release|Any CPU
		{2F21EEB0-B650-4994-9810-164F662431EC}.Release|x64.ActiveCfg = Release|x64
		{2F21EEB0-B650-4994-9810-164F662431EC}.Release|x64.Build.0 = Release|x64
		{2F21EEB0-B650-4994-9810-164F662431EC}.Release|x86.ActiveCfg = Release|x86
		{2F21EEB0-B650-4994-9810-164F662431EC}.Release|x86.Build.0 = Release|x86
	EndGlobalSection
	GlobalSection(SolutionProperties) = preSolution
		HideSolutionNode = FALSE
	EndGlobalSection
	GlobalSection(NestedProjects) = preSolution
		{7EF945B6-BA18-4BF3-A997-A2C3E4BDAD62} = {47C898EB-6D99-4297-947A-BADF5942E5E4}
		{2F21EEB0-B650-4994-9810-164F662431EC} = {47C898EB-6D99-4297-947A-BADF5942E5E4}
	EndGlobalSection
	GlobalSection(ExtensibilityGlobals) = postSolution
		SolutionGuid = {7CA64300-3430-457E-9734-78CBC5BCE67E}
	EndGlobalSection
EndGlobal
